// !$*UTF8*$!
{
	archiveVersion = 1;
	classes = {
	};
	objectVersion = 46;
	objects = {

/* Begin PBXBuildFile section */
		CEB278D01ED00DF10002C4FD /* AppDelegate.swift in Sources */ = {isa = PBXBuildFile; fileRef = CEB278CF1ED00DF10002C4FD /* AppDelegate.swift */; };
		CEB278D21ED00DF10002C4FD /* ViewController.swift in Sources */ = {isa = PBXBuildFile; fileRef = CEB278D11ED00DF10002C4FD /* ViewController.swift */; };
		CEB278D51ED00DF10002C4FD /* Main.storyboard in Resources */ = {isa = PBXBuildFile; fileRef = CEB278D31ED00DF10002C4FD /* Main.storyboard */; };
		CEB278D71ED00DF10002C4FD /* Assets.xcassets in Resources */ = {isa = PBXBuildFile; fileRef = CEB278D61ED00DF10002C4FD /* Assets.xcassets */; };
		CEB278DA1ED00DF10002C4FD /* LaunchScreen.storyboard in Resources */ = {isa = PBXBuildFile; fileRef = CEB278D81ED00DF10002C4FD /* LaunchScreen.storyboard */; };
		CEB278E31ED00F4B0002C4FD /* lamp_off.png in Resources */ = {isa = PBXBuildFile; fileRef = CEB278E11ED00F4B0002C4FD /* lamp_off.png */; };
		CEB278E41ED00F4B0002C4FD /* lamp_on.png in Resources */ = {isa = PBXBuildFile; fileRef = CEB278E21ED00F4B0002C4FD /* lamp_on.png */; };
/* End PBXBuildFile section */

/* Begin PBXFileReference section */
		CEB278CC1ED00DF10002C4FD /* ImageView.app */ = {isa = PBXFileReference; explicitFileType = wrapper.application; includeInIndex = 0; path = ImageView.app; sourceTree = BUILT_PRODUCTS_DIR; };
		CEB278CF1ED00DF10002C4FD /* AppDelegate.swift */ = {isa = PBXFileReference; lastKnownFileType = sourcecode.swift; path = AppDelegate.swift; sourceTree = "<group>"; };
		CEB278D11ED00DF10002C4FD /* ViewController.swift */ = {isa = PBXFileReference; lastKnownFileType = sourcecode.swift; path = ViewController.swift; sourceTree = "<group>"; };
		CEB278D41ED00DF10002C4FD /* Base */ = {isa = PBXFileReference; lastKnownFileType = file.storyboard; name = Base; path = Base.lproj/Main.storyboard; sourceTree = "<group>"; };
		CEB278D61ED00DF10002C4FD /* Assets.xcassets */ = {isa = PBXFileReference; lastKnownFileType = folder.assetcatalog; path = Assets.xcassets; sourceTree = "<group>"; };
		CEB278D91ED00DF10002C4FD /* Base */ = {isa = PBXFileReference; lastKnownFileType = file.storyboard; name = Base; path = Base.lproj/LaunchScreen.storyboard; sourceTree = "<group>"; };
		CEB278DB1ED00DF10002C4FD /* Info.plist */ = {isa = PBXFileReference; lastKnownFileType = text.plist.xml; path = Info.plist; sourceTree = "<group>"; };
		CEB278E11ED00F4B0002C4FD /* lamp_off.png */ = {isa = PBXFileReference; lastKnownFileType = image.png; path = lamp_off.png; sourceTree = "<group>"; };
		CEB278E21ED00F4B0002C4FD /* lamp_on.png */ = {isa = PBXFileReference; lastKnownFileType = image.png; path = lamp_on.png; sourceTree = "<group>"; };
/* End PBXFileReference section */

/* Begin PBXFrameworksBuildPhase section */
		CEB278C91ED00DF10002C4FD /* Frameworks */ = {
			isa = PBXFrameworksBuildPhase;
			buildActionMask = 2147483647;
			files = (
			);
			runOnlyForDeploymentPostprocessing = 0;
		};
/* End PBXFrameworksBuildPhase section */

/* Begin PBXGroup section */
		CEB278C31ED00DF10002C4FD = {
			isa = PBXGroup;
			children = (
				CEB278CE1ED00DF10002C4FD /* ImageView */,
				CEB278CD1ED00DF10002C4FD /* Products */,
			);
			sourceTree = "<group>";
		};
		CEB278CD1ED00DF10002C4FD /* Products */ = {
			isa = PBXGroup;
			children = (
				CEB278CC1ED00DF10002C4FD /* ImageView.app */,
			);
			name = Products;
			sourceTree = "<group>";
		};
		CEB278CE1ED00DF10002C4FD /* ImageView */ = {
			isa = PBXGroup;
			children = (
				CEB278E11ED00F4B0002C4FD /* lamp_off.png */,
				CEB278E21ED00F4B0002C4FD /* lamp_on.png */,
				CEB278CF1ED00DF10002C4FD /* AppDelegate.swift */,
				CEB278D11ED00DF10002C4FD /* ViewController.swift */,
				CEB278D31ED00DF10002C4FD /* Main.storyboard */,
				CEB278D61ED00DF10002C4FD /* Assets.xcassets */,
				CEB278D81ED00DF10002C4FD /* LaunchScreen.storyboard */,
				CEB278DB1ED00DF10002C4FD /* Info.plist */,
			);
			path = ImageView;
			sourceTree = "<group>";
		};
/* End PBXGroup section */

/* Begin PBXNativeTarget section */
		CEB278CB1ED00DF10002C4FD /* ImageView */ = {
			isa = PBXNativeTarget;
			buildConfigurationList = CEB278DE1ED00DF10002C4FD /* Build configuration list for PBXNativeTarget "ImageView" */;
			buildPhases = (
				CEB278C81ED00DF10002C4FD /* Sources */,
				CEB278C91ED00DF10002C4FD /* Frameworks */,
				CEB278CA1ED00DF10002C4FD /* Resources */,
			);
			buildRules = (
			);
			dependencies = (
			);
			name = ImageView;
			productName = ImageView;
			productReference = CEB278CC1ED00DF10002C4FD /* ImageView.app */;
			productType = "com.apple.product-type.application";
		};
/* End PBXNativeTarget section */

/* Begin PBXProject section */
		CEB278C41ED00DF10002C4FD /* Project object */ = {
			isa = PBXProject;
			attributes = {
				LastSwiftUpdateCheck = 0830;
				LastUpgradeCheck = 0830;
				ORGANIZATIONNAME = "Ji-Yong Jeong";
				TargetAttributes = {
					CEB278CB1ED00DF10002C4FD = {
						CreatedOnToolsVersion = 8.3.2;
						ProvisioningStyle = Automatic;
					};
				};
			};
			buildConfigurationList = CEB278C71ED00DF10002C4FD /* Build configuration list for PBXProject "ImageView" */;
			compatibilityVersion = "Xcode 3.2";
			developmentRegion = English;
			hasScannedForEncodings = 0;
			knownRegions = (
				en,
				Base,
			);
			mainGroup = CEB278C31ED00DF10002C4FD;
			productRefGroup = CEB278CD1ED00DF10002C4FD /* Products */;
			projectDirPath = "";
			projectRoot = "";
			targets = (
				CEB278CB1ED00DF10002C4FD /* ImageView */,
			);
		};
/* End PBXProject section */

/* Begin PBXResourcesBuildPhase section */
		CEB278CA1ED00DF10002C4FD /* Resources */ = {
			isa = PBXResourcesBuildPhase;
			buildActionMask = 2147483647;
			files = (
				CEB278DA1ED00DF10002C4FD /* LaunchScreen.storyboard in Resources */,
				CEB278D71ED00DF10002C4FD /* Assets.xcassets in Resources */,
				CEB278E41ED00F4B0002C4FD /* lamp_on.png in Resources */,
				CEB278D51ED00DF10002C4FD /* Main.storyboard in Resources */,
				CEB278E31ED00F4B0002C4FD /* lamp_off.png in Resources */,
			);
			runOnlyForDeploymentPostprocessing = 0;
		};
/* End PBXResourcesBuildPhase section */

/* Begin PBXSourcesBuildPhase section */
		CEB278C81ED00DF10002C4FD /* Sources */ = {
			isa = PBXSourcesBuildPhase;
			buildActionMask = 2147483647;
			files = (
				CEB278D21ED00DF10002C4FD /* ViewController.swift in Sources */,
				CEB278D01ED00DF10002C4FD /* AppDelegate.swift in Sources */,
			);
			runOnlyForDeploymentPostprocessing = 0;
		};
/* End PBXSourcesBuildPhase section */

/* Begin PBXVariantGroup section */
		CEB278D31ED00DF10002C4FD /* Main.storyboard */ = {
			isa = PBXVariantGroup;
			children = (
				CEB278D41ED00DF10002C4FD /* Base */,
			);
			name = Main.storyboard;
			sourceTree = "<group>";
		};
		CEB278D81ED00DF10002C4FD /* LaunchScreen.storyboard */ = {
			isa = PBXVariantGroup;
			children = (
				CEB278D91ED00DF10002C4FD /* Base */,
			);
			name = LaunchScreen.storyboard;
			sourceTree = "<group>";
		};
/* End PBXVariantGroup section */

/* Begin XCBuildConfiguration section */
		CEB278DC1ED00DF10002C4FD /* Debug */ = {
			isa = XCBuildConfiguration;
			buildSettings = {
				ALWAYS_SEARCH_USER_PATHS = NO;
				CLANG_ANALYZER_NONNULL = YES;
				CLANG_ANALYZER_NUMBER_OBJECT_CONVERSION = YES_AGGRESSIVE;
				CLANG_CXX_LANGUAGE_STANDARD = "gnu++0x";
				CLANG_CXX_LIBRARY = "libc++";
				CLANG_ENABLE_MODULES = YES;
				CLANG_ENABLE_OBJC_ARC = YES;
				CLANG_WARN_BOOL_CONVERSION = YES;
				CLANG_WARN_CONSTANT_CONVERSION = YES;
				CLANG_WARN_DIRECT_OBJC_ISA_USAGE = YES_ERROR;
				CLANG_WARN_DOCUMENTATION_COMMENTS = YES;
				CLANG_WARN_EMPTY_BODY = YES;
				CLANG_WARN_ENUM_CONVERSION = YES;
				CLANG_WARN_INFINITE_RECURSION = YES;
				CLANG_WARN_INT_CONVERSION = YES;
				CLANG_WARN_OBJC_ROOT_CLASS = YES_ERROR;
				CLANG_WARN_SUSPICIOUS_MOVE = YES;
				CLANG_WARN_UNREACHABLE_CODE = YES;
				CLANG_WARN__DUPLICATE_METHOD_MATCH = YES;
				"CODE_SIGN_IDENTITY[sdk=iphoneos*]" = "iPhone Developer";
				COPY_PHASE_STRIP = NO;
				DEBUG_INFORMATION_FORMAT = dwarf;
				ENABLE_STRICT_OBJC_MSGSEND = YES;
				ENABLE_TESTABILITY = YES;
				GCC_C_LANGUAGE_STANDARD = gnu99;
				GCC_DYNAMIC_NO_PIC = NO;
				GCC_NO_COMMON_BLOCKS = YES;
				GCC_OPTIMIZATION_LEVEL = 0;
				GCC_PREPROCESSOR_DEFINITIONS = (
					"DEBUG=1",
					"$(inherited)",
				);
				GCC_WARN_64_TO_32_BIT_CONVERSION = YES;
				GCC_WARN_ABOUT_RETURN_TYPE = YES_ERROR;
				GCC_WARN_UNDECLARED_SELECTOR = YES;
				GCC_WARN_UNINITIALIZED_AUTOS = YES_AGGRESSIVE;
				GCC_WARN_UNUSED_FUNCTION = YES;
				GCC_WARN_UNUSED_VARIABLE = YES;
				IPHONEOS_DEPLOYMENT_TARGET = 10.3;
				MTL_ENABLE_DEBUG_INFO = YES;
				ONLY_ACTIVE_ARCH = YES;
				SDKROOT = iphoneos;
				SWIFT_ACTIVE_COMPILATION_CONDITIONS = DEBUG;
				SWIFT_OPTIMIZATION_LEVEL = "-Onone";
			};
			name = Debug;
		};
		CEB278DD1ED00DF10002C4FD /* Release */ = {
			isa = XCBuildConfiguration;
			buildSettings = {
				ALWAYS_SEARCH_USER_PATHS = NO;
				CLANG_ANALYZER_NONNULL = YES;
				CLANG_ANALYZER_NUMBER_OBJECT_CONVERSION = YES_AGGRESSIVE;
				CLANG_CXX_LANGUAGE_STANDARD = "gnu++0x";
				CLANG_CXX_LIBRARY = "libc++";
				CLANG_ENABLE_MODULES = YES;
				CLANG_ENABLE_OBJC_ARC = YES;
				CLANG_WARN_BOOL_CONVERSION = YES;
				CLANG_WARN_CONSTANT_CONVERSION = YES;
				CLANG_WARN_DIRECT_OBJC_ISA_USAGE = YES_ERROR;
				CLANG_WARN_DOCUMENTATION_COMMENTS = YES;
				CLANG_WARN_EMPTY_BODY = YES;
				CLANG_WARN_ENUM_CONVERSION = YES;
				CLANG_WARN_INFINITE_RECURSION = YES;
				CLANG_WARN_INT_CONVERSION = YES;
				CLANG_WARN_OBJC_ROOT_CLASS = YES_ERROR;
				CLANG_WARN_SUSPICIOUS_MOVE = YES;
				CLANG_WARN_UNREACHABLE_CODE = YES;
				CLANG_WARN__DUPLICATE_METHOD_MATCH = YES;
				"CODE_SIGN_IDENTITY[sdk=iphoneos*]" = "iPhone Developer";
				COPY_PHASE_STRIP = NO;
				DEBUG_INFORMATION_FORMAT = "dwarf-with-dsym";
				ENABLE_NS_ASSERTIONS = NO;
				ENABLE_STRICT_OBJC_MSGSEND = YES;
				GCC_C_LANGUAGE_STANDARD = gnu99;
				GCC_NO_COMMON_BLOCKS = YES;
				GCC_WARN_64_TO_32_BIT_CONVERSION = YES;
				GCC_WARN_ABOUT_RETURN_TYPE = YES_ERROR;
				GCC_WARN_UNDECLARED_SELECTOR = YES;
				GCC_WARN_UNINITIALIZED_AUTOS = YES_AGGRESSIVE;
				GCC_WARN_UNUSED_FUNCTION = YES;
				GCC_WARN_UNUSED_VARIABLE = YES;
				IPHONEOS_DEPLOYMENT_TARGET = 10.3;
				MTL_ENABLE_DEBUG_INFO = NO;
				SDKROOT = iphoneos;
				SWIFT_OPTIMIZATION_LEVEL = "-Owholemodule";
				VALIDATE_PRODUCT = YES;
			};
			name = Release;
		};
		CEB278DF1ED00DF10002C4FD /* Debug */ = {
			isa = XCBuildConfiguration;
			buildSettings = {
				ASSETCATALOG_COMPILER_APPICON_NAME = AppIcon;
				INFOPLIST_FILE = ImageView/Info.plist;
				LD_RUNPATH_SEARCH_PATHS = "$(inherited) @executable_path/Frameworks";
				PRODUCT_BUNDLE_IDENTIFIER = com.Yongcompany.ImageView;
				PRODUCT_NAME = "$(TARGET_NAME)";
				SWIFT_VERSION = 3.0;
			};
			name = Debug;
		};
		CEB278E01ED00DF10002C4FD /* Release */ = {
			isa = XCBuildConfiguration;
			buildSettings = {
				ASSETCATALOG_COMPILER_APPICON_NAME = AppIcon;
				INFOPLIST_FILE = ImageView/Info.plist;
				LD_RUNPATH_SEARCH_PATHS = "$(inherited) @executable_path/Frameworks";
				PRODUCT_BUNDLE_IDENTIFIER = com.Yongcompany.ImageView;
				PRODUCT_NAME = "$(TARGET_NAME)";
				SWIFT_VERSION = 3.0;
			};
			name = Release;
		};
/* End XCBuildConfiguration section */

/* Begin XCConfigurationList section */
		CEB278C71ED00DF10002C4FD /* Build configuration list for PBXProject "ImageView" */ = {
			isa = XCConfigurationList;
			buildConfigurations = (
				CEB278DC1ED00DF10002C4FD /* Debug */,
				CEB278DD1ED00DF10002C4FD /* Release */,
			);
			defaultConfigurationIsVisible = 0;
			defaultConfigurationName = Release;
		};
		CEB278DE1ED00DF10002C4FD /* Build configuration list for PBXNativeTarget "ImageView" */ = {
			isa = XCConfigurationList;
			buildConfigurations = (
				CEB278DF1ED00DF10002C4FD /* Debug */,
				CEB278E01ED00DF10002C4FD /* Release */,
			);
			defaultConfigurationIsVisible = 0;
		};
/* End XCConfigurationList section */
	};
	rootObject = CEB278C41ED00DF10002C4FD /* Project object */;
}
